
Microsoft Visual Studio Solution File, Format Version 12.00
# Visual Studio Version 16
VisualStudioVersion = 16.0.30204.135
MinimumVisualStudioVersion = 10.0.40219.1
Project("{FAE04EC0-301F-11D3-BF4B-00C04F79EFBC}") = "Govornik", "Govornik\Govornik.csproj", "{79A7AB89-6E8F-4379-BA14-E04C9CB56590}"
EndProject
Global
	GlobalSection(SolutionConfigurationPlatforms) = preSolution
		Debug|Any CPU = Debug|Any CPU
		Release|Any CPU = Release|Any CPU
	EndGlobalSection
	GlobalSection(ProjectConfigurationPlatforms) = postSolution
		{79A7AB89-6E8F-4379-BA14-E04C9CB56590}.Debug|Any CPU.ActiveCfg = Debug|Any CPU
		{79A7AB89-6E8F-4379-BA14-E04C9CB56590}.Debug|Any CPU.Build.0 = Debug|Any CPU
		{79A7AB89-6E8F-4379-BA14-E04C9CB56590}.Release|Any CPU.ActiveCfg = Release|Any CPU
		{79A7AB89-6E8F-4379-BA14-E04C9CB56590}.Release|Any CPU.Build.0 = Release|Any CPU
	EndGlobalSection
	GlobalSection(SolutionProperties) = preSolution
		HideSolutionNode = FALSE
	EndGlobalSection
	GlobalSection(ExtensibilityGlobals) = postSolution
		SolutionGuid = {CEA1142F-1B89-4B85-BE79-8E67DA6C61B0}
	EndGlobalSection
EndGlobal
